
Microsoft Visual Studio Solution File, Format Version 12.00
# Visual Studio 15
Project("{FAE04EC0-301F-11D3-BF4B-00C04F79EFBC}") = "Assembly-CSharp", "Assembly-CSharp.csproj", "{79660BF1-5040-0EE2-A915-EF0EA059FC9B}"
EndProject
Project("{FAE04EC0-301F-11D3-BF4B-00C04F79EFBC}") = "Assembly-CSharp-firstpass", "Assembly-CSharp-firstpass.csproj", "{50454650-AF66-26C4-0CF6-C9C2743B0CAE}"
EndProject
Project("{FAE04EC0-301F-11D3-BF4B-00C04F79EFBC}") = "Assembly-CSharp-Editor", "Assembly-CSharp-Editor.csproj", "{AE036CA8-ADD0-505B-5ABB-45DC90A3D38E}"
EndProject
Global
	GlobalSection(SolutionConfigurationPlatforms) = preSolution
		Debug|Any CPU = Debug|Any CPU
		Release|Any CPU = Release|Any CPU
	EndGlobalSection
	GlobalSection(ProjectConfigurationPlatforms) = postSolution
		{79660BF1-5040-0EE2-A915-EF0EA059FC9B}.Debug|Any CPU.ActiveCfg = Debug|Any CPU
		{79660BF1-5040-0EE2-A915-EF0EA059FC9B}.Debug|Any CPU.Build.0 = Debug|Any CPU
		{79660BF1-5040-0EE2-A915-EF0EA059FC9B}.Release|Any CPU.ActiveCfg = Release|Any CPU
		{79660BF1-5040-0EE2-A915-EF0EA059FC9B}.Release|Any CPU.Build.0 = Release|Any CPU
		{50454650-AF66-26C4-0CF6-C9C2743B0CAE}.Debug|Any CPU.ActiveCfg = Debug|Any CPU
		{50454650-AF66-26C4-0CF6-C9C2743B0CAE}.Debug|Any CPU.Build.0 = Debug|Any CPU
		{50454650-AF66-26C4-0CF6-C9C2743B0CAE}.Release|Any CPU.ActiveCfg = Release|Any CPU
		{50454650-AF66-26C4-0CF6-C9C2743B0CAE}.Release|Any CPU.Build.0 = Release|Any CPU
		{AE036CA8-ADD0-505B-5ABB-45DC90A3D38E}.Debug|Any CPU.ActiveCfg = Debug|Any CPU
		{AE036CA8-ADD0-505B-5ABB-45DC90A3D38E}.Debug|Any CPU.Build.0 = Debug|Any CPU
		{AE036CA8-ADD0-505B-5ABB-45DC90A3D38E}.Release|Any CPU.ActiveCfg = Release|Any CPU
		{AE036CA8-ADD0-505B-5ABB-45DC90A3D38E}.Release|Any CPU.Build.0 = Release|Any CPU
	EndGlobalSection
	GlobalSection(SolutionProperties) = preSolution
		HideSolutionNode = FALSE
	EndGlobalSection
	GlobalSection(MonoDevelopProperties) = preSolution
		StartupItem = Assembly-CSharp.csproj
	EndGlobalSection
EndGlobal
